
Microsoft Visual Studio Solution File, Format Version 12.00
# Visual Studio Version 17
VisualStudioVersion = 17.14.36221.1
MinimumVisualStudioVersion = 10.0.40219.1
Project("{FAE04EC0-301F-11D3-BF4B-00C04F79EFBC}") = "LandDesignAIDesktop", "LandDesignAIDesktop\LandDesignAIDesktop.csproj", "{B1EE0731-0D6D-43DB-80AA-824217580FD3}"
EndProject
Project("{2150E333-8FDC-42A3-9474-1A3956D46DE8}") = "Solution Items", "Solution Items", "{8EC462FD-D22E-90A8-E5CE-7E832BA40C5D}"
EndProject
Project("{FAE04EC0-301F-11D3-BF4B-00C04F79EFBC}") = "ReaLTaiizor.Store", "ReaLTaiizor-develop\sample\ReaLTaiizor.Store\ReaLTaiizor.Store\ReaLTaiizor.Store.csproj", "{CBAECE21-9D07-8287-0D56-817F84BBA4C4}"
EndProject
Global
	GlobalSection(SolutionConfigurationPlatforms) = preSolution
		Debug|Any CPU = Debug|Any CPU
		Release|Any CPU = Release|Any CPU
	EndGlobalSection
	GlobalSection(ProjectConfigurationPlatforms) = postSolution
		{B1EE0731-0D6D-43DB-80AA-824217580FD3}.Debug|Any CPU.ActiveCfg = Debug|Any CPU
		{B1EE0731-0D6D-43DB-80AA-824217580FD3}.Debug|Any CPU.Build.0 = Debug|Any CPU
		{B1EE0731-0D6D-43DB-80AA-824217580FD3}.Release|Any CPU.ActiveCfg = Release|Any CPU
		{B1EE0731-0D6D-43DB-80AA-824217580FD3}.Release|Any CPU.Build.0 = Release|Any CPU
		{CBAECE21-9D07-8287-0D56-817F84BBA4C4}.Debug|Any CPU.ActiveCfg = Debug|Any CPU
		{CBAECE21-9D07-8287-0D56-817F84BBA4C4}.Debug|Any CPU.Build.0 = Debug|Any CPU
		{CBAECE21-9D07-8287-0D56-817F84BBA4C4}.Release|Any CPU.ActiveCfg = Release|Any CPU
		{CBAECE21-9D07-8287-0D56-817F84BBA4C4}.Release|Any CPU.Build.0 = Release|Any CPU
	EndGlobalSection
	GlobalSection(SolutionProperties) = preSolution
		HideSolutionNode = FALSE
	EndGlobalSection
	GlobalSection(NestedProjects) = preSolution
		{CBAECE21-9D07-8287-0D56-817F84BBA4C4} = {8EC462FD-D22E-90A8-E5CE-7E832BA40C5D}
	EndGlobalSection
	GlobalSection(ExtensibilityGlobals) = postSolution
		SolutionGuid = {528B5D0C-FD74-41B3-AF79-622773711E18}
	EndGlobalSection
EndGlobal
